{
  "name": "sentinelVN",
  "lockfileVersion": 3,
  "requires": true,
  "packages": {
    "": {
      "license": "ISC",
      "dependencies": {
        "@payos/node": "^2.0.4"
      }
    },
    "node_modules/@payos/node": {
      "version": "2.0.4",
      "resolved": "https://registry.npmjs.org/@payos/node/-/node-2.0.4.tgz",
      "integrity": "sha512-ZJ5jgKVJDx2OBfOrhLqjWBZwC4JCidEFgHXz8k3CkhfmyZImd0raL85+DtKCJABMLrMLM6Sb0G8Xsru7HFxInA==",
      "license": "ISC"
    }
  }
}
